// !$*UTF8*$!
{
	archiveVersion = 1;
	classes = {
	};
	objectVersion = 50;
	objects = {

/* Begin PBXBuildFile section */
		74919EDE23A5A52500816BD9 /* AppDelegate.m in Sources */ = {isa = PBXBuildFile; fileRef = 74919EDD23A5A52500816BD9 /* AppDelegate.m */; };
		74919EE123A5A52500816BD9 /* ViewController.m in Sources */ = {isa = PBXBuildFile; fileRef = 74919EE023A5A52500816BD9 /* ViewController.m */; };
		74919EE323A5A52600816BD9 /* Assets.xcassets in Resources */ = {isa = PBXBuildFile; fileRef = 74919EE223A5A52600816BD9 /* Assets.xcassets */; };
		74919EE623A5A52600816BD9 /* Main.storyboard in Resources */ = {isa = PBXBuildFile; fileRef = 74919EE423A5A52600816BD9 /* Main.storyboard */; };
		74919EE923A5A52600816BD9 /* main.m in Sources */ = {isa = PBXBuildFile; fileRef = 74919EE823A5A52600816BD9 /* main.m */; };
		74919EF223A5D1B200816BD9 /* RcmMonitor.m in Sources */ = {isa = PBXBuildFile; fileRef = 74919EF123A5D1B200816BD9 /* RcmMonitor.m */; };
		74919EFA23A5D9F300816BD9 /* NXBootUSBLib.framework in Frameworks */ = {isa = PBXBuildFile; fileRef = 74919EF823A5D9CD00816BD9 /* NXBootUSBLib.framework */; };
		74919EFB23A5D9F300816BD9 /* NXBootUSBLib.framework in Embed Frameworks */ = {isa = PBXBuildFile; fileRef = 74919EF823A5D9CD00816BD9 /* NXBootUSBLib.framework */; settings = {ATTRIBUTES = (CodeSignOnCopy, RemoveHeadersOnCopy, ); }; };
		74919EFF23A61DE000816BD9 /* intermezzo.bin in Resources */ = {isa = PBXBuildFile; fileRef = 74919EFE23A61DE000816BD9 /* intermezzo.bin */; };
/* End PBXBuildFile section */

/* Begin PBXContainerItemProxy section */
		74919EF723A5D9CD00816BD9 /* PBXContainerItemProxy */ = {
			isa = PBXContainerItemProxy;
			containerPortal = 74919EF323A5D9CD00816BD9 /* NXBootUSBLib.xcodeproj */;
			proxyType = 2;
			remoteGlobalIDString = 7407A5A523A5A05B00DEC305;
			remoteInfo = NXBootUSBLib;
		};
/* End PBXContainerItemProxy section */

/* Begin PBXCopyFilesBuildPhase section */
		74919EFC23A5D9F300816BD9 /* Embed Frameworks */ = {
			isa = PBXCopyFilesBuildPhase;
			buildActionMask = 2147483647;
			dstPath = "";
			dstSubfolderSpec = 10;
			files = (
				74919EFB23A5D9F300816BD9 /* NXBootUSBLib.framework in Embed Frameworks */,
			);
			name = "Embed Frameworks";
			runOnlyForDeploymentPostprocessing = 0;
		};
/* End PBXCopyFilesBuildPhase section */

/* Begin PBXFileReference section */
		74919ED923A5A52500816BD9 /* iTegra.app */ = {isa = PBXFileReference; explicitFileType = wrapper.application; includeInIndex = 0; path = iTegra.app; sourceTree = BUILT_PRODUCTS_DIR; };
		74919EDC23A5A52500816BD9 /* AppDelegate.h */ = {isa = PBXFileReference; lastKnownFileType = sourcecode.c.h; path = AppDelegate.h; sourceTree = "<group>"; };
		74919EDD23A5A52500816BD9 /* AppDelegate.m */ = {isa = PBXFileReference; lastKnownFileType = sourcecode.c.objc; path = AppDelegate.m; sourceTree = "<group>"; };
		74919EDF23A5A52500816BD9 /* ViewController.h */ = {isa = PBXFileReference; lastKnownFileType = sourcecode.c.h; path = ViewController.h; sourceTree = "<group>"; };
		74919EE023A5A52500816BD9 /* ViewController.m */ = {isa = PBXFileReference; lastKnownFileType = sourcecode.c.objc; path = ViewController.m; sourceTree = "<group>"; };
		74919EE223A5A52600816BD9 /* Assets.xcassets */ = {isa = PBXFileReference; lastKnownFileType = folder.assetcatalog; path = Assets.xcassets; sourceTree = "<group>"; };
		74919EE523A5A52600816BD9 /* Base */ = {isa = PBXFileReference; lastKnownFileType = file.storyboard; name = Base; path = Base.lproj/Main.storyboard; sourceTree = "<group>"; };
		74919EE723A5A52600816BD9 /* Info.plist */ = {isa = PBXFileReference; lastKnownFileType = text.plist.xml; path = Info.plist; sourceTree = "<group>"; };
		74919EE823A5A52600816BD9 /* main.m */ = {isa = PBXFileReference; lastKnownFileType = sourcecode.c.objc; path = main.m; sourceTree = "<group>"; };
		74919EEA23A5A52600816BD9 /* iTegra.entitlements */ = {isa = PBXFileReference; lastKnownFileType = text.plist.entitlements; path = iTegra.entitlements; sourceTree = "<group>"; };
		74919EF023A5D01100816BD9 /* RcmMonitor.h */ = {isa = PBXFileReference; lastKnownFileType = sourcecode.c.h; path = RcmMonitor.h; sourceTree = "<group>"; };
		74919EF123A5D1B200816BD9 /* RcmMonitor.m */ = {isa = PBXFileReference; lastKnownFileType = sourcecode.c.objc; path = RcmMonitor.m; sourceTree = "<group>"; };
		74919EF323A5D9CD00816BD9 /* NXBootUSBLib.xcodeproj */ = {isa = PBXFileReference; lastKnownFileType = "wrapper.pb-project"; name = NXBootUSBLib.xcodeproj; path = NXBootUSBLib/NXBootUSBLib.xcodeproj; sourceTree = "<group>"; };
		74919EFE23A61DE000816BD9 /* intermezzo.bin */ = {isa = PBXFileReference; lastKnownFileType = archive.macbinary; path = intermezzo.bin; sourceTree = "<group>"; };
/* End PBXFileReference section */

/* Begin PBXFrameworksBuildPhase section */
		74919ED623A5A52500816BD9 /* Frameworks */ = {
			isa = PBXFrameworksBuildPhase;
			buildActionMask = 2147483647;
			files = (
				74919EFA23A5D9F300816BD9 /* NXBootUSBLib.framework in Frameworks */,
			);
			runOnlyForDeploymentPostprocessing = 0;
		};
/* End PBXFrameworksBuildPhase section */

/* Begin PBXGroup section */
		74919ED023A5A52500816BD9 = {
			isa = PBXGroup;
			children = (
				74919EF323A5D9CD00816BD9 /* NXBootUSBLib.xcodeproj */,
				74919EDB23A5A52500816BD9 /* iTegra */,
				74919EDA23A5A52500816BD9 /* Products */,
				74919EF923A5D9F300816BD9 /* Frameworks */,
			);
			sourceTree = "<group>";
		};
		74919EDA23A5A52500816BD9 /* Products */ = {
			isa = PBXGroup;
			children = (
				74919ED923A5A52500816BD9 /* iTegra.app */,
			);
			name = Products;
			sourceTree = "<group>";
		};
		74919EDB23A5A52500816BD9 /* iTegra */ = {
			isa = PBXGroup;
			children = (
				74919EFD23A61DAE00816BD9 /* Resources */,
				74919EDC23A5A52500816BD9 /* AppDelegate.h */,
				74919EDD23A5A52500816BD9 /* AppDelegate.m */,
				74919EDF23A5A52500816BD9 /* ViewController.h */,
				74919EE023A5A52500816BD9 /* ViewController.m */,
				74919EE223A5A52600816BD9 /* Assets.xcassets */,
				74919EE423A5A52600816BD9 /* Main.storyboard */,
				74919EE723A5A52600816BD9 /* Info.plist */,
				74919EE823A5A52600816BD9 /* main.m */,
				74919EEA23A5A52600816BD9 /* iTegra.entitlements */,
				74919EF023A5D01100816BD9 /* RcmMonitor.h */,
				74919EF123A5D1B200816BD9 /* RcmMonitor.m */,
			);
			path = iTegra;
			sourceTree = "<group>";
		};
		74919EF423A5D9CD00816BD9 /* Products */ = {
			isa = PBXGroup;
			children = (
				74919EF823A5D9CD00816BD9 /* NXBootUSBLib.framework */,
			);
			name = Products;
			sourceTree = "<group>";
		};
		74919EF923A5D9F300816BD9 /* Frameworks */ = {
			isa = PBXGroup;
			children = (
			);
			name = Frameworks;
			sourceTree = "<group>";
		};
		74919EFD23A61DAE00816BD9 /* Resources */ = {
			isa = PBXGroup;
			children = (
				74919EFE23A61DE000816BD9 /* intermezzo.bin */,
			);
			path = Resources;
			sourceTree = "<group>";
		};
/* End PBXGroup section */

/* Begin PBXNativeTarget section */
		74919ED823A5A52500816BD9 /* iTegra */ = {
			isa = PBXNativeTarget;
			buildConfigurationList = 74919EED23A5A52600816BD9 /* Build configuration list for PBXNativeTarget "iTegra" */;
			buildPhases = (
				74919ED523A5A52500816BD9 /* Sources */,
				74919ED623A5A52500816BD9 /* Frameworks */,
				74919ED723A5A52500816BD9 /* Resources */,
				74919EFC23A5D9F300816BD9 /* Embed Frameworks */,
			);
			buildRules = (
			);
			dependencies = (
			);
			name = iTegra;
			productName = iTegra;
			productReference = 74919ED923A5A52500816BD9 /* iTegra.app */;
			productType = "com.apple.product-type.application";
		};
/* End PBXNativeTarget section */

/* Begin PBXProject section */
		74919ED123A5A52500816BD9 /* Project object */ = {
			isa = PBXProject;
			attributes = {
				LastUpgradeCheck = 1130;
				ORGANIZATIONNAME = "Chen Yang";
				TargetAttributes = {
					74919ED823A5A52500816BD9 = {
						CreatedOnToolsVersion = 11.3;
					};
				};
			};
			buildConfigurationList = 74919ED423A5A52500816BD9 /* Build configuration list for PBXProject "iTegra" */;
			compatibilityVersion = "Xcode 9.3";
			developmentRegion = en;
			hasScannedForEncodings = 0;
			knownRegions = (
				en,
				Base,
			);
			mainGroup = 74919ED023A5A52500816BD9;
			productRefGroup = 74919EDA23A5A52500816BD9 /* Products */;
			projectDirPath = "";
			projectReferences = (
				{
					ProductGroup = 74919EF423A5D9CD00816BD9 /* Products */;
					ProjectRef = 74919EF323A5D9CD00816BD9 /* NXBootUSBLib.xcodeproj */;
				},
			);
			projectRoot = "";
			targets = (
				74919ED823A5A52500816BD9 /* iTegra */,
			);
		};
/* End PBXProject section */

/* Begin PBXReferenceProxy section */
		74919EF823A5D9CD00816BD9 /* NXBootUSBLib.framework */ = {
			isa = PBXReferenceProxy;
			fileType = wrapper.framework;
			path = NXBootUSBLib.framework;
			remoteRef = 74919EF723A5D9CD00816BD9 /* PBXContainerItemProxy */;
			sourceTree = BUILT_PRODUCTS_DIR;
		};
/* End PBXReferenceProxy section */

/* Begin PBXResourcesBuildPhase section */
		74919ED723A5A52500816BD9 /* Resources */ = {
			isa = PBXResourcesBuildPhase;
			buildActionMask = 2147483647;
			files = (
				74919EE323A5A52600816BD9 /* Assets.xcassets in Resources */,
				74919EFF23A61DE000816BD9 /* intermezzo.bin in Resources */,
				74919EE623A5A52600816BD9 /* Main.storyboard in Resources */,
			);
			runOnlyForDeploymentPostprocessing = 0;
		};
/* End PBXResourcesBuildPhase section */

/* Begin PBXSourcesBuildPhase section */
		74919ED523A5A52500816BD9 /* Sources */ = {
			isa = PBXSourcesBuildPhase;
			buildActionMask = 2147483647;
			files = (
				74919EE123A5A52500816BD9 /* ViewController.m in Sources */,
				74919EF223A5D1B200816BD9 /* RcmMonitor.m in Sources */,
				74919EE923A5A52600816BD9 /* main.m in Sources */,
				74919EDE23A5A52500816BD9 /* AppDelegate.m in Sources */,
			);
			runOnlyForDeploymentPostprocessing = 0;
		};
/* End PBXSourcesBuildPhase section */

/* Begin PBXVariantGroup section */
		74919EE423A5A52600816BD9 /* Main.storyboard */ = {
			isa = PBXVariantGroup;
			children = (
				74919EE523A5A52600816BD9 /* Base */,
			);
			name = Main.storyboard;
			sourceTree = "<group>";
		};
/* End PBXVariantGroup section */

/* Begin XCBuildConfiguration section */
		74919EEB23A5A52600816BD9 /* Debug */ = {
			isa = XCBuildConfiguration;
			buildSettings = {
				ALWAYS_SEARCH_USER_PATHS = NO;
				CLANG_ANALYZER_NONNULL = YES;
				CLANG_ANALYZER_NUMBER_OBJECT_CONVERSION = YES_AGGRESSIVE;
				CLANG_CXX_LANGUAGE_STANDARD = "gnu++14";
				CLANG_CXX_LIBRARY = "libc++";
				CLANG_ENABLE_MODULES = YES;
				CLANG_ENABLE_OBJC_ARC = YES;
				CLANG_ENABLE_OBJC_WEAK = YES;
				CLANG_WARN_BLOCK_CAPTURE_AUTORELEASING = YES;
				CLANG_WARN_BOOL_CONVERSION = YES;
				CLANG_WARN_COMMA = YES;
				CLANG_WARN_CONSTANT_CONVERSION = YES;
				CLANG_WARN_DEPRECATED_OBJC_IMPLEMENTATIONS = YES;
				CLANG_WARN_DIRECT_OBJC_ISA_USAGE = YES_ERROR;
				CLANG_WARN_DOCUMENTATION_COMMENTS = YES;
				CLANG_WARN_EMPTY_BODY = YES;
				CLANG_WARN_ENUM_CONVERSION = YES;
				CLANG_WARN_INFINITE_RECURSION = YES;
				CLANG_WARN_INT_CONVERSION = YES;
				CLANG_WARN_NON_LITERAL_NULL_CONVERSION = YES;
				CLANG_WARN_OBJC_IMPLICIT_RETAIN_SELF = YES;
				CLANG_WARN_OBJC_LITERAL_CONVERSION = YES;
				CLANG_WARN_OBJC_ROOT_CLASS = YES_ERROR;
				CLANG_WARN_RANGE_LOOP_ANALYSIS = YES;
				CLANG_WARN_STRICT_PROTOTYPES = YES;
				CLANG_WARN_SUSPICIOUS_MOVE = YES;
				CLANG_WARN_UNGUARDED_AVAILABILITY = YES_AGGRESSIVE;
				CLANG_WARN_UNREACHABLE_CODE = YES;
				CLANG_WARN__DUPLICATE_METHOD_MATCH = YES;
				COPY_PHASE_STRIP = NO;
				DEBUG_INFORMATION_FORMAT = dwarf;
				ENABLE_STRICT_OBJC_MSGSEND = YES;
				ENABLE_TESTABILITY = YES;
				GCC_C_LANGUAGE_STANDARD = gnu11;
				GCC_DYNAMIC_NO_PIC = NO;
				GCC_NO_COMMON_BLOCKS = YES;
				GCC_OPTIMIZATION_LEVEL = 0;
				GCC_PREPROCESSOR_DEFINITIONS = (
					"DEBUG=1",
					"$(inherited)",
				);
				GCC_WARN_64_TO_32_BIT_CONVERSION = YES;
				GCC_WARN_ABOUT_RETURN_TYPE = YES_ERROR;
				GCC_WARN_UNDECLARED_SELECTOR = YES;
				GCC_WARN_UNINITIALIZED_AUTOS = YES_AGGRESSIVE;
				GCC_WARN_UNUSED_FUNCTION = YES;
				GCC_WARN_UNUSED_VARIABLE = YES;
				MACOSX_DEPLOYMENT_TARGET = 10.15;
				MTL_ENABLE_DEBUG_INFO = INCLUDE_SOURCE;
				MTL_FAST_MATH = YES;
				ONLY_ACTIVE_ARCH = YES;
				SDKROOT = macosx;
			};
			name = Debug;
		};
		74919EEC23A5A52600816BD9 /* Release */ = {
			isa = XCBuildConfiguration;
			buildSettings = {
				ALWAYS_SEARCH_USER_PATHS = NO;
				CLANG_ANALYZER_NONNULL = YES;
				CLANG_ANALYZER_NUMBER_OBJECT_CONVERSION = YES_AGGRESSIVE;
				CLANG_CXX_LANGUAGE_STANDARD = "gnu++14";
				CLANG_CXX_LIBRARY = "libc++";
				CLANG_ENABLE_MODULES = YES;
				CLANG_ENABLE_OBJC_ARC = YES;
				CLANG_ENABLE_OBJC_WEAK = YES;
				CLANG_WARN_BLOCK_CAPTURE_AUTORELEASING = YES;
				CLANG_WARN_BOOL_CONVERSION = YES;
				CLANG_WARN_COMMA = YES;
				CLANG_WARN_CONSTANT_CONVERSION = YES;
				CLANG_WARN_DEPRECATED_OBJC_IMPLEMENTATIONS = YES;
				CLANG_WARN_DIRECT_OBJC_ISA_USAGE = YES_ERROR;
				CLANG_WARN_DOCUMENTATION_COMMENTS = YES;
				CLANG_WARN_EMPTY_BODY = YES;
				CLANG_WARN_ENUM_CONVERSION = YES;
				CLANG_WARN_INFINITE_RECURSION = YES;
				CLANG_WARN_INT_CONVERSION = YES;
				CLANG_WARN_NON_LITERAL_NULL_CONVERSION = YES;
				CLANG_WARN_OBJC_IMPLICIT_RETAIN_SELF = YES;
				CLANG_WARN_OBJC_LITERAL_CONVERSION = YES;
				CLANG_WARN_OBJC_ROOT_CLASS = YES_ERROR;
				CLANG_WARN_RANGE_LOOP_ANALYSIS = YES;
				CLANG_WARN_STRICT_PROTOTYPES = YES;
				CLANG_WARN_SUSPICIOUS_MOVE = YES;
				CLANG_WARN_UNGUARDED_AVAILABILITY = YES_AGGRESSIVE;
				CLANG_WARN_UNREACHABLE_CODE = YES;
				CLANG_WARN__DUPLICATE_METHOD_MATCH = YES;
				COPY_PHASE_STRIP = NO;
				DEBUG_INFORMATION_FORMAT = "dwarf-with-dsym";
				ENABLE_NS_ASSERTIONS = NO;
				ENABLE_STRICT_OBJC_MSGSEND = YES;
				GCC_C_LANGUAGE_STANDARD = gnu11;
				GCC_NO_COMMON_BLOCKS = YES;
				GCC_WARN_64_TO_32_BIT_CONVERSION = YES;
				GCC_WARN_ABOUT_RETURN_TYPE = YES_ERROR;
				GCC_WARN_UNDECLARED_SELECTOR = YES;
				GCC_WARN_UNINITIALIZED_AUTOS = YES_AGGRESSIVE;
				GCC_WARN_UNUSED_FUNCTION = YES;
				GCC_WARN_UNUSED_VARIABLE = YES;
				MACOSX_DEPLOYMENT_TARGET = 10.15;
				MTL_ENABLE_DEBUG_INFO = NO;
				MTL_FAST_MATH = YES;
				SDKROOT = macosx;
			};
			name = Release;
		};
		74919EEE23A5A52600816BD9 /* Debug */ = {
			isa = XCBuildConfiguration;
			buildSettings = {
				ASSETCATALOG_COMPILER_APPICON_NAME = AppIcon;
				CODE_SIGN_ENTITLEMENTS = iTegra/iTegra.entitlements;
				CODE_SIGN_STYLE = Automatic;
				COMBINE_HIDPI_IMAGES = YES;
				INFOPLIST_FILE = iTegra/Info.plist;
				LD_RUNPATH_SEARCH_PATHS = (
					"$(inherited)",
					"@executable_path/../Frameworks",
				);
				PRODUCT_BUNDLE_IDENTIFIER = tv.pporn.iTegra;
				PRODUCT_NAME = "$(TARGET_NAME)";
			};
			name = Debug;
		};
		74919EEF23A5A52600816BD9 /* Release */ = {
			isa = XCBuildConfiguration;
			buildSettings = {
				ASSETCATALOG_COMPILER_APPICON_NAME = AppIcon;
				CODE_SIGN_ENTITLEMENTS = iTegra/iTegra.entitlements;
				CODE_SIGN_STYLE = Automatic;
				COMBINE_HIDPI_IMAGES = YES;
				INFOPLIST_FILE = iTegra/Info.plist;
				LD_RUNPATH_SEARCH_PATHS = (
					"$(inherited)",
					"@executable_path/../Frameworks",
				);
				PRODUCT_BUNDLE_IDENTIFIER = tv.pporn.iTegra;
				PRODUCT_NAME = "$(TARGET_NAME)";
			};
			name = Release;
		};
/* End XCBuildConfiguration section */

/* Begin XCConfigurationList section */
		74919ED423A5A52500816BD9 /* Build configuration list for PBXProject "iTegra" */ = {
			isa = XCConfigurationList;
			buildConfigurations = (
				74919EEB23A5A52600816BD9 /* Debug */,
				74919EEC23A5A52600816BD9 /* Release */,
			);
			defaultConfigurationIsVisible = 0;
			defaultConfigurationName = Release;
		};
		74919EED23A5A52600816BD9 /* Build configuration list for PBXNativeTarget "iTegra" */ = {
			isa = XCConfigurationList;
			buildConfigurations = (
				74919EEE23A5A52600816BD9 /* Debug */,
				74919EEF23A5A52600816BD9 /* Release */,
			);
			defaultConfigurationIsVisible = 0;
			defaultConfigurationName = Release;
		};
/* End XCConfigurationList section */
	};
	rootObject = 74919ED123A5A52500816BD9 /* Project object */;
}
